
Microsoft Visual Studio Solution File, Format Version 12.00
# Visual Studio Version 16
VisualStudioVersion = 16.0.31515.178
MinimumVisualStudioVersion = 10.0.40219.1
Project("{9A19103F-16F7-4668-BE54-9A1E7A4F7556}") = "DevicesApiFunctions", "DevicesApiFunctions.csproj", "{47D72157-789D-45A3-B023-AB48D8F9C4E3}"
EndProject
Project("{9A19103F-16F7-4668-BE54-9A1E7A4F7556}") = "Device2", "..\Device2\Device2.csproj", "{E1F8B9D2-849D-4C8A-BF14-16DEAB46A4AF}"
EndProject
Global
	GlobalSection(SolutionConfigurationPlatforms) = preSolution
		Debug|Any CPU = Debug|Any CPU
		Release|Any CPU = Release|Any CPU
	EndGlobalSection
	GlobalSection(ProjectConfigurationPlatforms) = postSolution
		{47D72157-789D-45A3-B023-AB48D8F9C4E3}.Debug|Any CPU.ActiveCfg = Debug|Any CPU
		{47D72157-789D-45A3-B023-AB48D8F9C4E3}.Debug|Any CPU.Build.0 = Debug|Any CPU
		{47D72157-789D-45A3-B023-AB48D8F9C4E3}.Release|Any CPU.ActiveCfg = Release|Any CPU
		{47D72157-789D-45A3-B023-AB48D8F9C4E3}.Release|Any CPU.Build.0 = Release|Any CPU
		{E1F8B9D2-849D-4C8A-BF14-16DEAB46A4AF}.Debug|Any CPU.ActiveCfg = Debug|Any CPU
		{E1F8B9D2-849D-4C8A-BF14-16DEAB46A4AF}.Debug|Any CPU.Build.0 = Debug|Any CPU
		{E1F8B9D2-849D-4C8A-BF14-16DEAB46A4AF}.Release|Any CPU.ActiveCfg = Release|Any CPU
		{E1F8B9D2-849D-4C8A-BF14-16DEAB46A4AF}.Release|Any CPU.Build.0 = Release|Any CPU
	EndGlobalSection
	GlobalSection(SolutionProperties) = preSolution
		HideSolutionNode = FALSE
	EndGlobalSection
	GlobalSection(ExtensibilityGlobals) = postSolution
		SolutionGuid = {2DEB945A-DE20-453E-ADD7-02A0CD168D54}
	EndGlobalSection
EndGlobal
